
Microsoft Visual Studio Solution File, Format Version 12.00
# Visual Studio 15
VisualStudioVersion = 15.0.28307.705
MinimumVisualStudioVersion = 10.0.40219.1
Project("{FAE04EC0-301F-11D3-BF4B-00C04F79EFBC}") = "ReqHubNuGet", "ReqHubNuGet\ReqHubNuGet.csproj", "{E28D060B-0A79-4210-9F59-B9601E6F10D5}"
EndProject
Global
	GlobalSection(SolutionConfigurationPlatforms) = preSolution
		Debug|Any CPU = Debug|Any CPU
		Release|Any CPU = Release|Any CPU
	EndGlobalSection
	GlobalSection(ProjectConfigurationPlatforms) = postSolution
		{E28D060B-0A79-4210-9F59-B9601E6F10D5}.Debug|Any CPU.ActiveCfg = Debug|Any CPU
		{E28D060B-0A79-4210-9F59-B9601E6F10D5}.Debug|Any CPU.Build.0 = Debug|Any CPU
		{E28D060B-0A79-4210-9F59-B9601E6F10D5}.Release|Any CPU.ActiveCfg = Release|Any CPU
		{E28D060B-0A79-4210-9F59-B9601E6F10D5}.Release|Any CPU.Build.0 = Release|Any CPU
	EndGlobalSection
	GlobalSection(SolutionProperties) = preSolution
		HideSolutionNode = FALSE
	EndGlobalSection
	GlobalSection(ExtensibilityGlobals) = postSolution
		SolutionGuid = {D3D47EAD-CFAC-4480-9BB2-BCC0DF6482A7}
	EndGlobalSection
EndGlobal
